{
  "name": "@d-zero/tsconfig",
  "version": "0.4.0",
  "lockfileVersion": 3,
  "requires": true,
  "packages": {
    "": {
      "name": "@d-zero/tsconfig",
      "version": "0.4.0",
      "license": "MIT",
      "dependencies": {
        "@tsconfig/node-lts": "22.0.2",
        "@tsconfig/recommended": "1.0.10",
        "@tsconfig/strictest": "2.0.5"
      },
      "devDependencies": {
        "prettier": "latest"
      }
    },
    "node_modules/@tsconfig/node-lts": {
      "version": "22.0.2",
      "resolved": "https://registry.npmjs.org/@tsconfig/node-lts/-/node-lts-22.0.2.tgz",
      "integrity": "sha512-Kgq5yXTvnUnvlhob0xJpOH4na9PWtuFhHSf94MpDwnENWgiFeJKDNANQV2MT1WpXZYkK2WSWfVYKhVkR7bc8TA==",
      "license": "MIT"
    },
    "node_modules/@tsconfig/recommended": {
      "version": "1.0.10",
      "resolved": "https://registry.npmjs.org/@tsconfig/recommended/-/recommended-1.0.10.tgz",
      "integrity": "sha512-cGvydvg03lONp5Z9yaplW493Vw9/um7k588mvDkm+VFPF2PZUVPx0uswq4PFpeEySsLbQRETrDRhzh4Dmxaslw==",
      "license": "MIT"
    },
    "node_modules/@tsconfig/strictest": {
      "version": "2.0.5",
      "resolved": "https://registry.npmjs.org/@tsconfig/strictest/-/strictest-2.0.5.tgz",
      "integrity": "sha512-ec4tjL2Rr0pkZ5hww65c+EEPYwxOi4Ryv+0MtjeaSQRJyq322Q27eOQiFbuNgw2hpL4hB1/W/HBGk3VKS43osg==",
      "license": "MIT"
    },
    "node_modules/prettier": {
      "version": "3.6.2",
      "resolved": "https://registry.npmjs.org/prettier/-/prettier-3.6.2.tgz",
      "integrity": "sha512-I7AIg5boAr5R0FFtJ6rCfD+LFsWHp81dolrFD8S79U9tb8Az2nGrJncnMSnys+bpQJfRUzqs9hnA81OAA3hCuQ==",
      "dev": true,
      "license": "MIT",
      "bin": {
        "prettier": "bin/prettier.cjs"
      },
      "engines": {
        "node": ">=14"
      },
      "funding": {
        "url": "https://github.com/prettier/prettier?sponsor=1"
      }
    }
  }
}
