# THIS IS AN AUTOGENERATED FILE. DO NOT EDIT THIS FILE DIRECTLY.
# yarn lockfile v1


"@tsconfig/node-lts@20.1.1":
  version "20.1.1"
  resolved "https://registry.yarnpkg.com/@tsconfig/node-lts/-/node-lts-20.1.1.tgz#c43c9cbfc9c4f6e0a5146cd3b16cd79720033252"
  integrity sha512-V7wHydi1dv8I8xiOX3pJ0lhC+MlOakznvLks94J6y/TqQK6DBcbdD1G4jEq8yU+s6lBASPn4e1Ci636fDqeyvQ==

"@tsconfig/recommended@1.0.3":
  version "1.0.3"
  resolved "https://registry.yarnpkg.com/@tsconfig/recommended/-/recommended-1.0.3.tgz#742540ba9170897a44097e838bca411abf56ccd2"
  integrity sha512-+jby/Guq9H8O7NWgCv6X8VAiQE8Dr/nccsCtL74xyHKhu2Knu5EAKmOZj3nLCnLm1KooUzKY+5DsnGVqhM8/wQ==

"@tsconfig/strictest@2.0.3":
  version "2.0.3"
  resolved "https://registry.yarnpkg.com/@tsconfig/strictest/-/strictest-2.0.3.tgz#53a740618143fd43d4089fdb18e28e1f95d52c49"
  integrity sha512-MroLvRhMbqtXI5WBSwoomro6OQS4xnCoudUrMb20JO0vLKUs0bAaCEcvM/immEBSJjFAK1l6jW1oAO8q3Ancrg==

prettier@latest:
  version "3.2.5"
  resolved "https://registry.yarnpkg.com/prettier/-/prettier-3.2.5.tgz#e52bc3090586e824964a8813b09aba6233b28368"
  integrity sha512-3/GWa9aOC0YeD7LUfvOG2NiDyhOWRvt1k+rcKhOuYnMY24iiCphgneUfJDyFXd6rZCAnuLBv6UeAULtrhT/F4A==
