# This file is generated by running "yarn install" inside your project.
# Manual changes might be lost - proceed with caution!

__metadata:
  version: 8
  cacheKey: 10c0

"@d-zero/tsconfig@workspace:.":
  version: 0.0.0-use.local
  resolution: "@d-zero/tsconfig@workspace:."
  dependencies:
    "@tsconfig/node-lts": "npm:22.0.4"
    "@tsconfig/recommended": "npm:1.0.10"
    "@tsconfig/strictest": "npm:2.0.5"
    prettier: "npm:latest"
  languageName: unknown
  linkType: soft

"@tsconfig/node-lts@npm:22.0.4":
  version: 22.0.4
  resolution: "@tsconfig/node-lts@npm:22.0.4"
  checksum: 10c0/f0c6bbcc08670d5401426924345b31e136ebb40ee7020e38156f4b4c202842a5b316e460714900741f6f00328ff36b15e7862f6bf703cf69003770f4fac85a0a
  languageName: node
  linkType: hard

"@tsconfig/recommended@npm:1.0.10":
  version: 1.0.10
  resolution: "@tsconfig/recommended@npm:1.0.10"
  checksum: 10c0/402ef03da7300ea0f9f9d6e0507dcb8782c6b764c1f45b946a6c34f2bd3153571a1a85f10659606c24d1052aed699c3e32dd0da876e8f7eea577374eeeb80d17
  languageName: node
  linkType: hard

"@tsconfig/strictest@npm:2.0.5":
  version: 2.0.5
  resolution: "@tsconfig/strictest@npm:2.0.5"
  checksum: 10c0/cfc86da2d57f7b4b0827701b132c37a4974284e5c40649656c0e474866dfd8a69f57c6718230d8a8139967e2a95438586b8224c13ab0ff9d3a43eda771c50cc4
  languageName: node
  linkType: hard

"prettier@npm:latest":
  version: 3.6.2
  resolution: "prettier@npm:3.6.2"
  bin:
    prettier: bin/prettier.cjs
  checksum: 10c0/488cb2f2b99ec13da1e50074912870217c11edaddedeadc649b1244c749d15ba94e846423d062e2c4c9ae683e2d65f754de28889ba06e697ac4f988d44f45812
  languageName: node
  linkType: hard
